
Microsoft Visual Studio Solution File, Format Version 12.00
# Visual Studio Version 16
VisualStudioVersion = 16.0.28803.202
MinimumVisualStudioVersion = 10.0.40219.1
Project("{FAE04EC0-301F-11D3-BF4B-00C04F79EFBC}") = "EX8_sexo", "EX8_sexo.csproj", "{BA013607-A55F-44BB-8A6E-0A32C27B9E2A}"
EndProject
Global
	GlobalSection(SolutionConfigurationPlatforms) = preSolution
		Debug|Any CPU = Debug|Any CPU
		Release|Any CPU = Release|Any CPU
	EndGlobalSection
	GlobalSection(ProjectConfigurationPlatforms) = postSolution
		{BA013607-A55F-44BB-8A6E-0A32C27B9E2A}.Debug|Any CPU.ActiveCfg = Debug|Any CPU
		{BA013607-A55F-44BB-8A6E-0A32C27B9E2A}.Debug|Any CPU.Build.0 = Debug|Any CPU
		{BA013607-A55F-44BB-8A6E-0A32C27B9E2A}.Release|Any CPU.ActiveCfg = Release|Any CPU
		{BA013607-A55F-44BB-8A6E-0A32C27B9E2A}.Release|Any CPU.Build.0 = Release|Any CPU
	EndGlobalSection
	GlobalSection(SolutionProperties) = preSolution
		HideSolutionNode = FALSE
	EndGlobalSection
	GlobalSection(ExtensibilityGlobals) = postSolution
		SolutionGuid = {328A290C-CF30-4F2A-B883-2CBDA6451ADE}
	EndGlobalSection
EndGlobal
