
Microsoft Visual Studio Solution File, Format Version 12.00
# Visual Studio 2012
Project("{FAE04EC0-301F-11D3-BF4B-00C04F79EFBC}") = "sub_estrutura", "sub_estrutura\sub_estrutura.csproj", "{689DD456-8FEE-4217-A4A3-415A77030A8B}"
EndProject
Global
	GlobalSection(SolutionConfigurationPlatforms) = preSolution
		Debug|Any CPU = Debug|Any CPU
		Release|Any CPU = Release|Any CPU
	EndGlobalSection
	GlobalSection(ProjectConfigurationPlatforms) = postSolution
		{689DD456-8FEE-4217-A4A3-415A77030A8B}.Debug|Any CPU.ActiveCfg = Debug|Any CPU
		{689DD456-8FEE-4217-A4A3-415A77030A8B}.Debug|Any CPU.Build.0 = Debug|Any CPU
		{689DD456-8FEE-4217-A4A3-415A77030A8B}.Release|Any CPU.ActiveCfg = Release|Any CPU
		{689DD456-8FEE-4217-A4A3-415A77030A8B}.Release|Any CPU.Build.0 = Release|Any CPU
	EndGlobalSection
	GlobalSection(SolutionProperties) = preSolution
		HideSolutionNode = FALSE
	EndGlobalSection
EndGlobal
