
Microsoft Visual Studio Solution File, Format Version 12.00
# Visual Studio Version 16
VisualStudioVersion = 16.0.28803.202
MinimumVisualStudioVersion = 10.0.40219.1
Project("{FAE04EC0-301F-11D3-BF4B-00C04F79EFBC}") = "EX9_menu", "EX9_menu.csproj", "{684285A8-7CA6-4292-BA8F-480716026A45}"
EndProject
Global
	GlobalSection(SolutionConfigurationPlatforms) = preSolution
		Debug|Any CPU = Debug|Any CPU
		Release|Any CPU = Release|Any CPU
	EndGlobalSection
	GlobalSection(ProjectConfigurationPlatforms) = postSolution
		{684285A8-7CA6-4292-BA8F-480716026A45}.Debug|Any CPU.ActiveCfg = Debug|Any CPU
		{684285A8-7CA6-4292-BA8F-480716026A45}.Debug|Any CPU.Build.0 = Debug|Any CPU
		{684285A8-7CA6-4292-BA8F-480716026A45}.Release|Any CPU.ActiveCfg = Release|Any CPU
		{684285A8-7CA6-4292-BA8F-480716026A45}.Release|Any CPU.Build.0 = Release|Any CPU
	EndGlobalSection
	GlobalSection(SolutionProperties) = preSolution
		HideSolutionNode = FALSE
	EndGlobalSection
	GlobalSection(ExtensibilityGlobals) = postSolution
		SolutionGuid = {134083B2-6924-488C-A683-0432BFAC0ED7}
	EndGlobalSection
EndGlobal
