
Microsoft Visual Studio Solution File, Format Version 12.00
# Visual Studio Version 16
VisualStudioVersion = 16.0.28803.202
MinimumVisualStudioVersion = 10.0.40219.1
Project("{FAE04EC0-301F-11D3-BF4B-00C04F79EFBC}") = "EX7_faixaPermitida", "EX7_faixaPermitida.csproj", "{01880FE4-1A13-4E5E-9B3F-4D2981775EEA}"
EndProject
Global
	GlobalSection(SolutionConfigurationPlatforms) = preSolution
		Debug|Any CPU = Debug|Any CPU
		Release|Any CPU = Release|Any CPU
	EndGlobalSection
	GlobalSection(ProjectConfigurationPlatforms) = postSolution
		{01880FE4-1A13-4E5E-9B3F-4D2981775EEA}.Debug|Any CPU.ActiveCfg = Debug|Any CPU
		{01880FE4-1A13-4E5E-9B3F-4D2981775EEA}.Debug|Any CPU.Build.0 = Debug|Any CPU
		{01880FE4-1A13-4E5E-9B3F-4D2981775EEA}.Release|Any CPU.ActiveCfg = Release|Any CPU
		{01880FE4-1A13-4E5E-9B3F-4D2981775EEA}.Release|Any CPU.Build.0 = Release|Any CPU
	EndGlobalSection
	GlobalSection(SolutionProperties) = preSolution
		HideSolutionNode = FALSE
	EndGlobalSection
	GlobalSection(ExtensibilityGlobals) = postSolution
		SolutionGuid = {CC23F8BB-FC47-435E-A671-8FE95800BA4C}
	EndGlobalSection
EndGlobal
