
Microsoft Visual Studio Solution File, Format Version 12.00
# Visual Studio 2012
Project("{FAE04EC0-301F-11D3-BF4B-00C04F79EFBC}") = "impar_par", "WindowsFormsApplication1\impar_par.csproj", "{6C9D9883-71B8-4701-9416-245539474322}"
EndProject
Global
	GlobalSection(SolutionConfigurationPlatforms) = preSolution
		Debug|Any CPU = Debug|Any CPU
		Release|Any CPU = Release|Any CPU
	EndGlobalSection
	GlobalSection(ProjectConfigurationPlatforms) = postSolution
		{6C9D9883-71B8-4701-9416-245539474322}.Debug|Any CPU.ActiveCfg = Debug|Any CPU
		{6C9D9883-71B8-4701-9416-245539474322}.Debug|Any CPU.Build.0 = Debug|Any CPU
		{6C9D9883-71B8-4701-9416-245539474322}.Release|Any CPU.ActiveCfg = Release|Any CPU
		{6C9D9883-71B8-4701-9416-245539474322}.Release|Any CPU.Build.0 = Release|Any CPU
	EndGlobalSection
	GlobalSection(SolutionProperties) = preSolution
		HideSolutionNode = FALSE
	EndGlobalSection
EndGlobal
