
Microsoft Visual Studio Solution File, Format Version 12.00
# Visual Studio Version 16
VisualStudioVersion = 16.0.28803.202
MinimumVisualStudioVersion = 10.0.40219.1
Project("{FAE04EC0-301F-11D3-BF4B-00C04F79EFBC}") = "EX13_Fibonacci", "EX13_Fibonacci.csproj", "{4100B43B-1049-42B3-86E3-C5D73B518DF5}"
EndProject
Global
	GlobalSection(SolutionConfigurationPlatforms) = preSolution
		Debug|Any CPU = Debug|Any CPU
		Release|Any CPU = Release|Any CPU
	EndGlobalSection
	GlobalSection(ProjectConfigurationPlatforms) = postSolution
		{4100B43B-1049-42B3-86E3-C5D73B518DF5}.Debug|Any CPU.ActiveCfg = Debug|Any CPU
		{4100B43B-1049-42B3-86E3-C5D73B518DF5}.Debug|Any CPU.Build.0 = Debug|Any CPU
		{4100B43B-1049-42B3-86E3-C5D73B518DF5}.Release|Any CPU.ActiveCfg = Release|Any CPU
		{4100B43B-1049-42B3-86E3-C5D73B518DF5}.Release|Any CPU.Build.0 = Release|Any CPU
	EndGlobalSection
	GlobalSection(SolutionProperties) = preSolution
		HideSolutionNode = FALSE
	EndGlobalSection
	GlobalSection(ExtensibilityGlobals) = postSolution
		SolutionGuid = {4A5BCFD3-B449-4D71-8068-683EBF1750B2}
	EndGlobalSection
EndGlobal
